// !$*UTF8*$!
{
	archiveVersion = 1;
	classes = {
	};
	objectVersion = 46;
	objects = {

/* Begin PBXBuildFile section */
		2CD1B7608197399F81898F3F /* libPods-TecheryTwitterTests.a in Frameworks */ = {isa = PBXBuildFile; fileRef = 72CB5E75DE4FDD71107C780E /* libPods-TecheryTwitterTests.a */; };
		93308F521D5FB95E00E5437B /* FeedViewModel.m in Sources */ = {isa = PBXBuildFile; fileRef = 93308F511D5FB95E00E5437B /* FeedViewModel.m */; };
		93308FC31D5FBC7500E5437B /* ReactiveCocoa.framework in Frameworks */ = {isa = PBXBuildFile; fileRef = 93308F9F1D5FBC5500E5437B /* ReactiveCocoa.framework */; };
		93308FC41D5FBC7500E5437B /* ReactiveCocoa.framework in Embed Frameworks */ = {isa = PBXBuildFile; fileRef = 93308F9F1D5FBC5500E5437B /* ReactiveCocoa.framework */; settings = {ATTRIBUTES = (CodeSignOnCopy, RemoveHeadersOnCopy, ); }; };
		93308FC71D5FBC7500E5437B /* Result.framework in Frameworks */ = {isa = PBXBuildFile; fileRef = 93308FB81D5FBC6C00E5437B /* Result.framework */; };
		93308FC81D5FBC7500E5437B /* Result.framework in Embed Frameworks */ = {isa = PBXBuildFile; fileRef = 93308FB81D5FBC6C00E5437B /* Result.framework */; settings = {ATTRIBUTES = (CodeSignOnCopy, RemoveHeadersOnCopy, ); }; };
		93308FE31D62066B00E5437B /* TwitterUser+CoreDataProperties.m in Sources */ = {isa = PBXBuildFile; fileRef = 93308FDC1D62066B00E5437B /* TwitterUser+CoreDataProperties.m */; };
		93308FE41D62066B00E5437B /* TwitterUser.m in Sources */ = {isa = PBXBuildFile; fileRef = 93308FDE1D62066B00E5437B /* TwitterUser.m */; };
		93308FE51D62066B00E5437B /* TwitterTweet+CoreDataProperties.m in Sources */ = {isa = PBXBuildFile; fileRef = 93308FE01D62066B00E5437B /* TwitterTweet+CoreDataProperties.m */; };
		93308FE61D62066B00E5437B /* TwitterTweet.m in Sources */ = {isa = PBXBuildFile; fileRef = 93308FE21D62066B00E5437B /* TwitterTweet.m */; };
		93308FE91D632A6E00E5437B /* RawTweetDataModel.m in Sources */ = {isa = PBXBuildFile; fileRef = 93308FE81D632A6E00E5437B /* RawTweetDataModel.m */; };
		93308FED1D63302300E5437B /* NSDate+Twitter.m in Sources */ = {isa = PBXBuildFile; fileRef = 93308FEC1D63302300E5437B /* NSDate+Twitter.m */; };
		93308FF11D6A060900E5437B /* Reachability.m in Sources */ = {isa = PBXBuildFile; fileRef = 93308FF01D6A060900E5437B /* Reachability.m */; };
		93308FF31D6A062000E5437B /* SystemConfiguration.framework in Frameworks */ = {isa = PBXBuildFile; fileRef = 93308FF21D6A062000E5437B /* SystemConfiguration.framework */; };
		9370DB361D5C8573004B0934 /* main.m in Sources */ = {isa = PBXBuildFile; fileRef = 9370DB351D5C8573004B0934 /* main.m */; };
		9370DB391D5C8573004B0934 /* AppDelegate.m in Sources */ = {isa = PBXBuildFile; fileRef = 9370DB381D5C8573004B0934 /* AppDelegate.m */; };
		9370DB3F1D5C8573004B0934 /* Main.storyboard in Resources */ = {isa = PBXBuildFile; fileRef = 9370DB3D1D5C8573004B0934 /* Main.storyboard */; };
		9370DB421D5C8573004B0934 /* TecheryTwitter.xcdatamodeld in Sources */ = {isa = PBXBuildFile; fileRef = 9370DB401D5C8573004B0934 /* TecheryTwitter.xcdatamodeld */; };
		9370DB441D5C8573004B0934 /* Assets.xcassets in Resources */ = {isa = PBXBuildFile; fileRef = 9370DB431D5C8573004B0934 /* Assets.xcassets */; };
		9370DB471D5C8573004B0934 /* LaunchScreen.storyboard in Resources */ = {isa = PBXBuildFile; fileRef = 9370DB451D5C8573004B0934 /* LaunchScreen.storyboard */; };
		9370DB5F1D5CB6D3004B0934 /* LoginViewController.m in Sources */ = {isa = PBXBuildFile; fileRef = 9370DB5E1D5CB6D3004B0934 /* LoginViewController.m */; };
		9370DB621D5CBE58004B0934 /* FeedViewController.m in Sources */ = {isa = PBXBuildFile; fileRef = 9370DB611D5CBE58004B0934 /* FeedViewController.m */; };
		9370DB651D5CC1D3004B0934 /* FeedTableViewCell.m in Sources */ = {isa = PBXBuildFile; fileRef = 9370DB641D5CC1D3004B0934 /* FeedTableViewCell.m */; };
		9370DB671D5CE346004B0934 /* Accounts.framework in Frameworks */ = {isa = PBXBuildFile; fileRef = 9370DB661D5CE346004B0934 /* Accounts.framework */; };
		9370DB691D5CE34C004B0934 /* Twitter.framework in Frameworks */ = {isa = PBXBuildFile; fileRef = 9370DB681D5CE34C004B0934 /* Twitter.framework */; };
		9370DB6B1D5CE352004B0934 /* Social.framework in Frameworks */ = {isa = PBXBuildFile; fileRef = 9370DB6A1D5CE352004B0934 /* Social.framework */; };
		9370DB6E1D5CE36A004B0934 /* LoginViewModel.m in Sources */ = {isa = PBXBuildFile; fileRef = 9370DB6D1D5CE36A004B0934 /* LoginViewModel.m */; };
		93EDF9501D748CC400E59152 /* NSDateTwitterTest.m in Sources */ = {isa = PBXBuildFile; fileRef = 93EDF94F1D748CC400E59152 /* NSDateTwitterTest.m */; };
		93EDF9611D7615A000E59152 /* TwitterFeedService.m in Sources */ = {isa = PBXBuildFile; fileRef = 93EDF95E1D7615A000E59152 /* TwitterFeedService.m */; };
		93EDF9621D7615A000E59152 /* TwitterNetworkService.m in Sources */ = {isa = PBXBuildFile; fileRef = 93EDF9601D7615A000E59152 /* TwitterNetworkService.m */; };
		93EDF9641D76207300E59152 /* RawTweetDataModelTest.m in Sources */ = {isa = PBXBuildFile; fileRef = 93EDF9631D76207300E59152 /* RawTweetDataModelTest.m */; };
		93EDF9671D7627A300E59152 /* EmptyTestsAppDelegate.m in Sources */ = {isa = PBXBuildFile; fileRef = 93EDF9661D7627A300E59152 /* EmptyTestsAppDelegate.m */; };
		93EDF96A1D76DB0B00E59152 /* LoginViewModelTest.m in Sources */ = {isa = PBXBuildFile; fileRef = 93EDF9691D76DB0B00E59152 /* LoginViewModelTest.m */; };
		93EDF9711D7872FA00E59152 /* TwitterNetworkServiceMock.m in Sources */ = {isa = PBXBuildFile; fileRef = 93EDF9701D7872FA00E59152 /* TwitterNetworkServiceMock.m */; };
		93EDF9731D7894AF00E59152 /* FeedViewModelTest.m in Sources */ = {isa = PBXBuildFile; fileRef = 93EDF9721D7894AF00E59152 /* FeedViewModelTest.m */; };
		B57518927B57C6AD26519274 /* libPods-TecheryTwitter.a in Frameworks */ = {isa = PBXBuildFile; fileRef = 2AD2996A610D5364ABECC44B /* libPods-TecheryTwitter.a */; };
/* End PBXBuildFile section */

/* Begin PBXContainerItemProxy section */
		93308F9A1D5FBC5500E5437B /* PBXContainerItemProxy */ = {
			isa = PBXContainerItemProxy;
			containerPortal = 93308F901D5FBC5500E5437B /* ReactiveCocoa.xcodeproj */;
			proxyType = 2;
			remoteGlobalIDString = D04725EA19E49ED7006002AA;
			remoteInfo = "ReactiveCocoa-Mac";
		};
		93308F9C1D5FBC5500E5437B /* PBXContainerItemProxy */ = {
			isa = PBXContainerItemProxy;
			containerPortal = 93308F901D5FBC5500E5437B /* ReactiveCocoa.xcodeproj */;
			proxyType = 2;
			remoteGlobalIDString = D04725F519E49ED7006002AA;
			remoteInfo = "ReactiveCocoa-MacTests";
		};
		93308F9E1D5FBC5500E5437B /* PBXContainerItemProxy */ = {
			isa = PBXContainerItemProxy;
			containerPortal = 93308F901D5FBC5500E5437B /* ReactiveCocoa.xcodeproj */;
			proxyType = 2;
			remoteGlobalIDString = D047260C19E49F82006002AA;
			remoteInfo = "ReactiveCocoa-iOS";
		};
		93308FA01D5FBC5500E5437B /* PBXContainerItemProxy */ = {
			isa = PBXContainerItemProxy;
			containerPortal = 93308F901D5FBC5500E5437B /* ReactiveCocoa.xcodeproj */;
			proxyType = 2;
			remoteGlobalIDString = D047261619E49F82006002AA;
			remoteInfo = "ReactiveCocoa-iOSTests";
		};
		93308FA21D5FBC5500E5437B /* PBXContainerItemProxy */ = {
			isa = PBXContainerItemProxy;
			containerPortal = 93308F901D5FBC5500E5437B /* ReactiveCocoa.xcodeproj */;
			proxyType = 2;
			remoteGlobalIDString = A9B315541B3940610001CB9C;
			remoteInfo = "ReactiveCocoa-watchOS";
		};
		93308FA41D5FBC5500E5437B /* PBXContainerItemProxy */ = {
			isa = PBXContainerItemProxy;
			containerPortal = 93308F901D5FBC5500E5437B /* ReactiveCocoa.xcodeproj */;
			proxyType = 2;
			remoteGlobalIDString = 57A4D2411BA13D7A00F7D4B1;
			remoteInfo = "ReactiveCocoa-tvOS";
		};
		93308FB31D5FBC6C00E5437B /* PBXContainerItemProxy */ = {
			isa = PBXContainerItemProxy;
			containerPortal = 93308FA81D5FBC6C00E5437B /* Result.xcodeproj */;
			proxyType = 2;
			remoteGlobalIDString = D45480571A9572F5009D7229;
			remoteInfo = "Result-Mac";
		};
		93308FB51D5FBC6C00E5437B /* PBXContainerItemProxy */ = {
			isa = PBXContainerItemProxy;
			containerPortal = 93308FA81D5FBC6C00E5437B /* Result.xcodeproj */;
			proxyType = 2;
			remoteGlobalIDString = D45480671A9572F5009D7229;
			remoteInfo = "Result-MacTests";
		};
		93308FB71D5FBC6C00E5437B /* PBXContainerItemProxy */ = {
			isa = PBXContainerItemProxy;
			containerPortal = 93308FA81D5FBC6C00E5437B /* Result.xcodeproj */;
			proxyType = 2;
			remoteGlobalIDString = D454807D1A957361009D7229;
			remoteInfo = "Result-iOS";
		};
		93308FB91D5FBC6C00E5437B /* PBXContainerItemProxy */ = {
			isa = PBXContainerItemProxy;
			containerPortal = 93308FA81D5FBC6C00E5437B /* Result.xcodeproj */;
			proxyType = 2;
			remoteGlobalIDString = D45480871A957362009D7229;
			remoteInfo = "Result-iOSTests";
		};
		93308FBB1D5FBC6C00E5437B /* PBXContainerItemProxy */ = {
			isa = PBXContainerItemProxy;
			containerPortal = 93308FA81D5FBC6C00E5437B /* Result.xcodeproj */;
			proxyType = 2;
			remoteGlobalIDString = 57FCDE471BA280DC00130C48;
			remoteInfo = "Result-tvOS";
		};
		93308FBD1D5FBC6C00E5437B /* PBXContainerItemProxy */ = {
			isa = PBXContainerItemProxy;
			containerPortal = 93308FA81D5FBC6C00E5437B /* Result.xcodeproj */;
			proxyType = 2;
			remoteGlobalIDString = 57FCDE541BA280E000130C48;
			remoteInfo = "Result-tvOSTests";
		};
		93308FBF1D5FBC6C00E5437B /* PBXContainerItemProxy */ = {
			isa = PBXContainerItemProxy;
			containerPortal = 93308FA81D5FBC6C00E5437B /* Result.xcodeproj */;
			proxyType = 2;
			remoteGlobalIDString = D03579A31B2B788F005D26AE;
			remoteInfo = "Result-watchOS";
		};
		93308FC11D5FBC6C00E5437B /* PBXContainerItemProxy */ = {
			isa = PBXContainerItemProxy;
			containerPortal = 93308FA81D5FBC6C00E5437B /* Result.xcodeproj */;
			proxyType = 2;
			remoteGlobalIDString = D03579B01B2B78A1005D26AE;
			remoteInfo = "Result-watchOSTests";
		};
		93308FC51D5FBC7500E5437B /* PBXContainerItemProxy */ = {
			isa = PBXContainerItemProxy;
			containerPortal = 93308F901D5FBC5500E5437B /* ReactiveCocoa.xcodeproj */;
			proxyType = 1;
			remoteGlobalIDString = D047260B19E49F82006002AA;
			remoteInfo = "ReactiveCocoa-iOS";
		};
		93308FC91D5FBC7500E5437B /* PBXContainerItemProxy */ = {
			isa = PBXContainerItemProxy;
			containerPortal = 93308FA81D5FBC6C00E5437B /* Result.xcodeproj */;
			proxyType = 1;
			remoteGlobalIDString = D454807C1A957361009D7229;
			remoteInfo = "Result-iOS";
		};
		9370DB4E1D5C8573004B0934 /* PBXContainerItemProxy */ = {
			isa = PBXContainerItemProxy;
			containerPortal = 9370DB291D5C8573004B0934 /* Project object */;
			proxyType = 1;
			remoteGlobalIDString = 9370DB301D5C8573004B0934;
			remoteInfo = TecheryTwitter;
		};
/* End PBXContainerItemProxy section */

/* Begin PBXCopyFilesBuildPhase section */
		93308F8F1D5FBB0E00E5437B /* Embed Frameworks */ = {
			isa = PBXCopyFilesBuildPhase;
			buildActionMask = 2147483647;
			dstPath = "";
			dstSubfolderSpec = 10;
			files = (
				93308FC41D5FBC7500E5437B /* ReactiveCocoa.framework in Embed Frameworks */,
				93308FC81D5FBC7500E5437B /* Result.framework in Embed Frameworks */,
			);
			name = "Embed Frameworks";
			runOnlyForDeploymentPostprocessing = 0;
		};
/* End PBXCopyFilesBuildPhase section */

/* Begin PBXFileReference section */
		003BD516055A184DAEAD1BA3 /* Pods-TecheryTwitterTests.release.xcconfig */ = {isa = PBXFileReference; includeInIndex = 1; lastKnownFileType = text.xcconfig; name = "Pods-TecheryTwitterTests.release.xcconfig"; path = "Pods/Target Support Files/Pods-TecheryTwitterTests/Pods-TecheryTwitterTests.release.xcconfig"; sourceTree = "<group>"; };
		14416BADDF041017C08F0DA3 /* Pods-TecheryTwitter.debug.xcconfig */ = {isa = PBXFileReference; includeInIndex = 1; lastKnownFileType = text.xcconfig; name = "Pods-TecheryTwitter.debug.xcconfig"; path = "Pods/Target Support Files/Pods-TecheryTwitter/Pods-TecheryTwitter.debug.xcconfig"; sourceTree = "<group>"; };
		2AD2996A610D5364ABECC44B /* libPods-TecheryTwitter.a */ = {isa = PBXFileReference; explicitFileType = archive.ar; includeInIndex = 0; path = "libPods-TecheryTwitter.a"; sourceTree = BUILT_PRODUCTS_DIR; };
		72CB5E75DE4FDD71107C780E /* libPods-TecheryTwitterTests.a */ = {isa = PBXFileReference; explicitFileType = archive.ar; includeInIndex = 0; path = "libPods-TecheryTwitterTests.a"; sourceTree = BUILT_PRODUCTS_DIR; };
		8CCAC80AE52E9FCF453455DB /* Pods-TecheryTwitterTests.debug.xcconfig */ = {isa = PBXFileReference; includeInIndex = 1; lastKnownFileType = text.xcconfig; name = "Pods-TecheryTwitterTests.debug.xcconfig"; path = "Pods/Target Support Files/Pods-TecheryTwitterTests/Pods-TecheryTwitterTests.debug.xcconfig"; sourceTree = "<group>"; };
		93308F4F1D5F685A00E5437B /* LoginViewModelDelegate.h */ = {isa = PBXFileReference; fileEncoding = 4; lastKnownFileType = sourcecode.c.h; path = LoginViewModelDelegate.h; sourceTree = "<group>"; };
		93308F501D5FB95E00E5437B /* FeedViewModel.h */ = {isa = PBXFileReference; fileEncoding = 4; lastKnownFileType = sourcecode.c.h; path = FeedViewModel.h; sourceTree = "<group>"; };
		93308F511D5FB95E00E5437B /* FeedViewModel.m */ = {isa = PBXFileReference; fileEncoding = 4; lastKnownFileType = sourcecode.c.objc; path = FeedViewModel.m; sourceTree = "<group>"; };
		93308F901D5FBC5500E5437B /* ReactiveCocoa.xcodeproj */ = {isa = PBXFileReference; lastKnownFileType = "wrapper.pb-project"; name = ReactiveCocoa.xcodeproj; path = Submodules/ReactiveCocoa/ReactiveCocoa.xcodeproj; sourceTree = "<group>"; };
		93308FA81D5FBC6C00E5437B /* Result.xcodeproj */ = {isa = PBXFileReference; lastKnownFileType = "wrapper.pb-project"; name = Result.xcodeproj; path = Submodules/ReactiveCocoa/Carthage/Checkouts/Result/Result.xcodeproj; sourceTree = "<group>"; };
		93308FCB1D5FBF1900E5437B /* FeedViewModelProtocol.h */ = {isa = PBXFileReference; fileEncoding = 4; lastKnownFileType = sourcecode.c.h; path = FeedViewModelProtocol.h; sourceTree = "<group>"; };
		93308FDB1D62066B00E5437B /* TwitterUser+CoreDataProperties.h */ = {isa = PBXFileReference; fileEncoding = 4; lastKnownFileType = sourcecode.c.h; path = "TwitterUser+CoreDataProperties.h"; sourceTree = "<group>"; };
		93308FDC1D62066B00E5437B /* TwitterUser+CoreDataProperties.m */ = {isa = PBXFileReference; fileEncoding = 4; lastKnownFileType = sourcecode.c.objc; path = "TwitterUser+CoreDataProperties.m"; sourceTree = "<group>"; };
		93308FDD1D62066B00E5437B /* TwitterUser.h */ = {isa = PBXFileReference; fileEncoding = 4; lastKnownFileType = sourcecode.c.h; path = TwitterUser.h; sourceTree = "<group>"; };
		93308FDE1D62066B00E5437B /* TwitterUser.m */ = {isa = PBXFileReference; fileEncoding = 4; lastKnownFileType = sourcecode.c.objc; path = TwitterUser.m; sourceTree = "<group>"; };
		93308FDF1D62066B00E5437B /* TwitterTweet+CoreDataProperties.h */ = {isa = PBXFileReference; fileEncoding = 4; lastKnownFileType = sourcecode.c.h; path = "TwitterTweet+CoreDataProperties.h"; sourceTree = "<group>"; };
		93308FE01D62066B00E5437B /* TwitterTweet+CoreDataProperties.m */ = {isa = PBXFileReference; fileEncoding = 4; lastKnownFileType = sourcecode.c.objc; path = "TwitterTweet+CoreDataProperties.m"; sourceTree = "<group>"; };
		93308FE11D62066B00E5437B /* TwitterTweet.h */ = {isa = PBXFileReference; fileEncoding = 4; lastKnownFileType = sourcecode.c.h; path = TwitterTweet.h; sourceTree = "<group>"; };
		93308FE21D62066B00E5437B /* TwitterTweet.m */ = {isa = PBXFileReference; fileEncoding = 4; lastKnownFileType = sourcecode.c.objc; path = TwitterTweet.m; sourceTree = "<group>"; };
		93308FE71D632A6E00E5437B /* RawTweetDataModel.h */ = {isa = PBXFileReference; fileEncoding = 4; lastKnownFileType = sourcecode.c.h; path = RawTweetDataModel.h; sourceTree = "<group>"; };
		93308FE81D632A6E00E5437B /* RawTweetDataModel.m */ = {isa = PBXFileReference; fileEncoding = 4; lastKnownFileType = sourcecode.c.objc; path = RawTweetDataModel.m; sourceTree = "<group>"; };
		93308FEB1D63302300E5437B /* NSDate+Twitter.h */ = {isa = PBXFileReference; fileEncoding = 4; lastKnownFileType = sourcecode.c.h; path = "NSDate+Twitter.h"; sourceTree = "<group>"; };
		93308FEC1D63302300E5437B /* NSDate+Twitter.m */ = {isa = PBXFileReference; fileEncoding = 4; lastKnownFileType = sourcecode.c.objc; path = "NSDate+Twitter.m"; sourceTree = "<group>"; };
		93308FEF1D6A060900E5437B /* Reachability.h */ = {isa = PBXFileReference; fileEncoding = 4; lastKnownFileType = sourcecode.c.h; name = Reachability.h; path = Submodules/Reachability/Reachability.h; sourceTree = "<group>"; };
		93308FF01D6A060900E5437B /* Reachability.m */ = {isa = PBXFileReference; fileEncoding = 4; lastKnownFileType = sourcecode.c.objc; name = Reachability.m; path = Submodules/Reachability/Reachability.m; sourceTree = "<group>"; };
		93308FF21D6A062000E5437B /* SystemConfiguration.framework */ = {isa = PBXFileReference; lastKnownFileType = wrapper.framework; name = SystemConfiguration.framework; path = System/Library/Frameworks/SystemConfiguration.framework; sourceTree = SDKROOT; };
		936DE8F41D5E674800C78652 /* LoginViewModelProtocol.h */ = {isa = PBXFileReference; fileEncoding = 4; lastKnownFileType = sourcecode.c.h; path = LoginViewModelProtocol.h; sourceTree = "<group>"; };
		9370DB311D5C8573004B0934 /* TecheryTwitter.app */ = {isa = PBXFileReference; explicitFileType = wrapper.application; includeInIndex = 0; path = TecheryTwitter.app; sourceTree = BUILT_PRODUCTS_DIR; };
		9370DB351D5C8573004B0934 /* main.m */ = {isa = PBXFileReference; lastKnownFileType = sourcecode.c.objc; path = main.m; sourceTree = "<group>"; };
		9370DB371D5C8573004B0934 /* AppDelegate.h */ = {isa = PBXFileReference; lastKnownFileType = sourcecode.c.h; path = AppDelegate.h; sourceTree = "<group>"; };
		9370DB381D5C8573004B0934 /* AppDelegate.m */ = {isa = PBXFileReference; lastKnownFileType = sourcecode.c.objc; path = AppDelegate.m; sourceTree = "<group>"; };
		9370DB3E1D5C8573004B0934 /* Base */ = {isa = PBXFileReference; lastKnownFileType = file.storyboard; name = Base; path = Base.lproj/Main.storyboard; sourceTree = "<group>"; };
		9370DB411D5C8573004B0934 /* TecheryTwitter.xcdatamodel */ = {isa = PBXFileReference; lastKnownFileType = wrapper.xcdatamodel; path = TecheryTwitter.xcdatamodel; sourceTree = "<group>"; };
		9370DB431D5C8573004B0934 /* Assets.xcassets */ = {isa = PBXFileReference; lastKnownFileType = folder.assetcatalog; path = Assets.xcassets; sourceTree = "<group>"; };
		9370DB461D5C8573004B0934 /* Base */ = {isa = PBXFileReference; lastKnownFileType = file.storyboard; name = Base; path = Base.lproj/LaunchScreen.storyboard; sourceTree = "<group>"; };
		9370DB481D5C8573004B0934 /* Info.plist */ = {isa = PBXFileReference; lastKnownFileType = text.plist.xml; path = Info.plist; sourceTree = "<group>"; };
		9370DB4D1D5C8573004B0934 /* TecheryTwitterTests.xctest */ = {isa = PBXFileReference; explicitFileType = wrapper.cfbundle; includeInIndex = 0; path = TecheryTwitterTests.xctest; sourceTree = BUILT_PRODUCTS_DIR; };
		9370DB531D5C8573004B0934 /* Info.plist */ = {isa = PBXFileReference; lastKnownFileType = text.plist.xml; path = Info.plist; sourceTree = "<group>"; };
		9370DB5D1D5CB6D3004B0934 /* LoginViewController.h */ = {isa = PBXFileReference; fileEncoding = 4; lastKnownFileType = sourcecode.c.h; path = LoginViewController.h; sourceTree = "<group>"; };
		9370DB5E1D5CB6D3004B0934 /* LoginViewController.m */ = {isa = PBXFileReference; fileEncoding = 4; lastKnownFileType = sourcecode.c.objc; path = LoginViewController.m; sourceTree = "<group>"; };
		9370DB601D5CBE58004B0934 /* FeedViewController.h */ = {isa = PBXFileReference; fileEncoding = 4; lastKnownFileType = sourcecode.c.h; path = FeedViewController.h; sourceTree = "<group>"; };
		9370DB611D5CBE58004B0934 /* FeedViewController.m */ = {isa = PBXFileReference; fileEncoding = 4; lastKnownFileType = sourcecode.c.objc; path = FeedViewController.m; sourceTree = "<group>"; };
		9370DB631D5CC1D3004B0934 /* FeedTableViewCell.h */ = {isa = PBXFileReference; fileEncoding = 4; lastKnownFileType = sourcecode.c.h; path = FeedTableViewCell.h; sourceTree = "<group>"; };
		9370DB641D5CC1D3004B0934 /* FeedTableViewCell.m */ = {isa = PBXFileReference; fileEncoding = 4; lastKnownFileType = sourcecode.c.objc; path = FeedTableViewCell.m; sourceTree = "<group>"; };
		9370DB661D5CE346004B0934 /* Accounts.framework */ = {isa = PBXFileReference; lastKnownFileType = wrapper.framework; name = Accounts.framework; path = System/Library/Frameworks/Accounts.framework; sourceTree = SDKROOT; };
		9370DB681D5CE34C004B0934 /* Twitter.framework */ = {isa = PBXFileReference; lastKnownFileType = wrapper.framework; name = Twitter.framework; path = System/Library/Frameworks/Twitter.framework; sourceTree = SDKROOT; };
		9370DB6A1D5CE352004B0934 /* Social.framework */ = {isa = PBXFileReference; lastKnownFileType = wrapper.framework; name = Social.framework; path = System/Library/Frameworks/Social.framework; sourceTree = SDKROOT; };
		9370DB6C1D5CE36A004B0934 /* LoginViewModel.h */ = {isa = PBXFileReference; fileEncoding = 4; lastKnownFileType = sourcecode.c.h; path = LoginViewModel.h; sourceTree = "<group>"; };
		9370DB6D1D5CE36A004B0934 /* LoginViewModel.m */ = {isa = PBXFileReference; fileEncoding = 4; lastKnownFileType = sourcecode.c.objc; path = LoginViewModel.m; sourceTree = "<group>"; };
		937803221D73667000FE4BA6 /* FeedViewModelDelegate.h */ = {isa = PBXFileReference; lastKnownFileType = sourcecode.c.h; path = FeedViewModelDelegate.h; sourceTree = "<group>"; };
		937803241D74643900FE4BA6 /* Reachability+ReachabilityProtocol.h */ = {isa = PBXFileReference; fileEncoding = 4; lastKnownFileType = sourcecode.c.h; path = "Reachability+ReachabilityProtocol.h"; sourceTree = "<group>"; };
		937803271D74645C00FE4BA6 /* ReachabilityProtocol.h */ = {isa = PBXFileReference; lastKnownFileType = sourcecode.c.h; path = ReachabilityProtocol.h; sourceTree = "<group>"; };
		93EDF94F1D748CC400E59152 /* NSDateTwitterTest.m */ = {isa = PBXFileReference; fileEncoding = 4; lastKnownFileType = sourcecode.c.objc; path = NSDateTwitterTest.m; sourceTree = "<group>"; };
		93EDF95D1D7615A000E59152 /* TwitterFeedService.h */ = {isa = PBXFileReference; fileEncoding = 4; lastKnownFileType = sourcecode.c.h; path = TwitterFeedService.h; sourceTree = "<group>"; };
		93EDF95E1D7615A000E59152 /* TwitterFeedService.m */ = {isa = PBXFileReference; fileEncoding = 4; lastKnownFileType = sourcecode.c.objc; path = TwitterFeedService.m; sourceTree = "<group>"; };
		93EDF95F1D7615A000E59152 /* TwitterNetworkService.h */ = {isa = PBXFileReference; fileEncoding = 4; lastKnownFileType = sourcecode.c.h; path = TwitterNetworkService.h; sourceTree = "<group>"; };
		93EDF9601D7615A000E59152 /* TwitterNetworkService.m */ = {isa = PBXFileReference; fileEncoding = 4; lastKnownFileType = sourcecode.c.objc; path = TwitterNetworkService.m; sourceTree = "<group>"; };
		93EDF9631D76207300E59152 /* RawTweetDataModelTest.m */ = {isa = PBXFileReference; fileEncoding = 4; lastKnownFileType = sourcecode.c.objc; path = RawTweetDataModelTest.m; sourceTree = "<group>"; };
		93EDF9651D7627A300E59152 /* EmptyTestsAppDelegate.h */ = {isa = PBXFileReference; fileEncoding = 4; lastKnownFileType = sourcecode.c.h; path = EmptyTestsAppDelegate.h; sourceTree = "<group>"; };
		93EDF9661D7627A300E59152 /* EmptyTestsAppDelegate.m */ = {isa = PBXFileReference; fileEncoding = 4; lastKnownFileType = sourcecode.c.objc; path = EmptyTestsAppDelegate.m; sourceTree = "<group>"; };
		93EDF9691D76DB0B00E59152 /* LoginViewModelTest.m */ = {isa = PBXFileReference; fileEncoding = 4; lastKnownFileType = sourcecode.c.objc; path = LoginViewModelTest.m; sourceTree = "<group>"; };
		93EDF96F1D7872FA00E59152 /* TwitterNetworkServiceMock.h */ = {isa = PBXFileReference; fileEncoding = 4; lastKnownFileType = sourcecode.c.h; path = TwitterNetworkServiceMock.h; sourceTree = "<group>"; };
		93EDF9701D7872FA00E59152 /* TwitterNetworkServiceMock.m */ = {isa = PBXFileReference; fileEncoding = 4; lastKnownFileType = sourcecode.c.objc; path = TwitterNetworkServiceMock.m; sourceTree = "<group>"; };
		93EDF9721D7894AF00E59152 /* FeedViewModelTest.m */ = {isa = PBXFileReference; fileEncoding = 4; lastKnownFileType = sourcecode.c.objc; path = FeedViewModelTest.m; sourceTree = "<group>"; };
		CC8F7719C52CA0860FC52117 /* Pods-TecheryTwitter.release.xcconfig */ = {isa = PBXFileReference; includeInIndex = 1; lastKnownFileType = text.xcconfig; name = "Pods-TecheryTwitter.release.xcconfig"; path = "Pods/Target Support Files/Pods-TecheryTwitter/Pods-TecheryTwitter.release.xcconfig"; sourceTree = "<group>"; };
/* End PBXFileReference section */

/* Begin PBXFrameworksBuildPhase section */
		9370DB2E1D5C8573004B0934 /* Frameworks */ = {
			isa = PBXFrameworksBuildPhase;
			buildActionMask = 2147483647;
			files = (
				93308FF31D6A062000E5437B /* SystemConfiguration.framework in Frameworks */,
				9370DB6B1D5CE352004B0934 /* Social.framework in Frameworks */,
				9370DB691D5CE34C004B0934 /* Twitter.framework in Frameworks */,
				9370DB671D5CE346004B0934 /* Accounts.framework in Frameworks */,
				93308FC71D5FBC7500E5437B /* Result.framework in Frameworks */,
				B57518927B57C6AD26519274 /* libPods-TecheryTwitter.a in Frameworks */,
				93308FC31D5FBC7500E5437B /* ReactiveCocoa.framework in Frameworks */,
			);
			runOnlyForDeploymentPostprocessing = 0;
		};
		9370DB4A1D5C8573004B0934 /* Frameworks */ = {
			isa = PBXFrameworksBuildPhase;
			buildActionMask = 2147483647;
			files = (
				2CD1B7608197399F81898F3F /* libPods-TecheryTwitterTests.a in Frameworks */,
			);
			runOnlyForDeploymentPostprocessing = 0;
		};
/* End PBXFrameworksBuildPhase section */

/* Begin PBXGroup section */
		3D1B028343D203205C3284A4 /* Frameworks */ = {
			isa = PBXGroup;
			children = (
				93308FF21D6A062000E5437B /* SystemConfiguration.framework */,
				9370DB6A1D5CE352004B0934 /* Social.framework */,
				9370DB681D5CE34C004B0934 /* Twitter.framework */,
				9370DB661D5CE346004B0934 /* Accounts.framework */,
				2AD2996A610D5364ABECC44B /* libPods-TecheryTwitter.a */,
				72CB5E75DE4FDD71107C780E /* libPods-TecheryTwitterTests.a */,
			);
			name = Frameworks;
			sourceTree = "<group>";
		};
		4E18949AE6C7DD469A89CCC1 /* Pods */ = {
			isa = PBXGroup;
			children = (
				14416BADDF041017C08F0DA3 /* Pods-TecheryTwitter.debug.xcconfig */,
				CC8F7719C52CA0860FC52117 /* Pods-TecheryTwitter.release.xcconfig */,
				8CCAC80AE52E9FCF453455DB /* Pods-TecheryTwitterTests.debug.xcconfig */,
				003BD516055A184DAEAD1BA3 /* Pods-TecheryTwitterTests.release.xcconfig */,
			);
			name = Pods;
			sourceTree = "<group>";
		};
		93308F531D5FBAB100E5437B /* Submodules */ = {
			isa = PBXGroup;
			children = (
				93308FEE1D6A05E500E5437B /* Reachability */,
				93308F901D5FBC5500E5437B /* ReactiveCocoa.xcodeproj */,
				93308FA81D5FBC6C00E5437B /* Result.xcodeproj */,
			);
			name = Submodules;
			sourceTree = "<group>";
		};
		93308F911D5FBC5500E5437B /* Products */ = {
			isa = PBXGroup;
			children = (
				93308F9B1D5FBC5500E5437B /* ReactiveCocoa.framework */,
				93308F9D1D5FBC5500E5437B /* ReactiveCocoaTests.xctest */,
				93308F9F1D5FBC5500E5437B /* ReactiveCocoa.framework */,
				93308FA11D5FBC5500E5437B /* ReactiveCocoaTests.xctest */,
				93308FA31D5FBC5500E5437B /* ReactiveCocoa.framework */,
				93308FA51D5FBC5500E5437B /* ReactiveCocoa.framework */,
			);
			name = Products;
			sourceTree = "<group>";
		};
		93308FA91D5FBC6C00E5437B /* Products */ = {
			isa = PBXGroup;
			children = (
				93308FB41D5FBC6C00E5437B /* Result.framework */,
				93308FB61D5FBC6C00E5437B /* Result-MacTests.xctest */,
				93308FB81D5FBC6C00E5437B /* Result.framework */,
				93308FBA1D5FBC6C00E5437B /* Result-iOSTests.xctest */,
				93308FBC1D5FBC6C00E5437B /* Result.framework */,
				93308FBE1D5FBC6C00E5437B /* Result-tvOSTests.xctest */,
				93308FC01D5FBC6C00E5437B /* Result.framework */,
				93308FC21D5FBC6C00E5437B /* Result-watchOSTests.xctest */,
			);
			name = Products;
			sourceTree = "<group>";
		};
		93308FCC1D5FC01D00E5437B /* TableViewCell */ = {
			isa = PBXGroup;
			children = (
				9370DB631D5CC1D3004B0934 /* FeedTableViewCell.h */,
				9370DB641D5CC1D3004B0934 /* FeedTableViewCell.m */,
			);
			name = TableViewCell;
			sourceTree = "<group>";
		};
		93308FCD1D5FC33B00E5437B /* Models */ = {
			isa = PBXGroup;
			children = (
				93308FDA1D62064500E5437B /* Entities */,
				93308FE71D632A6E00E5437B /* RawTweetDataModel.h */,
				93308FE81D632A6E00E5437B /* RawTweetDataModel.m */,
			);
			path = Models;
			sourceTree = "<group>";
		};
		93308FDA1D62064500E5437B /* Entities */ = {
			isa = PBXGroup;
			children = (
				93308FDB1D62066B00E5437B /* TwitterUser+CoreDataProperties.h */,
				93308FDC1D62066B00E5437B /* TwitterUser+CoreDataProperties.m */,
				93308FDD1D62066B00E5437B /* TwitterUser.h */,
				93308FDE1D62066B00E5437B /* TwitterUser.m */,
				93308FDF1D62066B00E5437B /* TwitterTweet+CoreDataProperties.h */,
				93308FE01D62066B00E5437B /* TwitterTweet+CoreDataProperties.m */,
				93308FE11D62066B00E5437B /* TwitterTweet.h */,
				93308FE21D62066B00E5437B /* TwitterTweet.m */,
			);
			path = Entities;
			sourceTree = "<group>";
		};
		93308FEA1D632FFD00E5437B /* Helpers */ = {
			isa = PBXGroup;
			children = (
				93308FEB1D63302300E5437B /* NSDate+Twitter.h */,
				93308FEC1D63302300E5437B /* NSDate+Twitter.m */,
			);
			path = Helpers;
			sourceTree = "<group>";
		};
		93308FEE1D6A05E500E5437B /* Reachability */ = {
			isa = PBXGroup;
			children = (
				93308FEF1D6A060900E5437B /* Reachability.h */,
				93308FF01D6A060900E5437B /* Reachability.m */,
			);
			name = Reachability;
			sourceTree = "<group>";
		};
		93308FF41D6B5F3400E5437B /* Resources */ = {
			isa = PBXGroup;
			children = (
			);
			path = Resources;
			sourceTree = "<group>";
		};
		9370DB281D5C8573004B0934 = {
			isa = PBXGroup;
			children = (
				93308F531D5FBAB100E5437B /* Submodules */,
				9370DB331D5C8573004B0934 /* TecheryTwitter */,
				9370DB501D5C8573004B0934 /* TecheryTwitterTests */,
				9370DB321D5C8573004B0934 /* Products */,
				4E18949AE6C7DD469A89CCC1 /* Pods */,
				3D1B028343D203205C3284A4 /* Frameworks */,
			);
			sourceTree = "<group>";
		};
		9370DB321D5C8573004B0934 /* Products */ = {
			isa = PBXGroup;
			children = (
				9370DB311D5C8573004B0934 /* TecheryTwitter.app */,
				9370DB4D1D5C8573004B0934 /* TecheryTwitterTests.xctest */,
			);
			name = Products;
			sourceTree = "<group>";
		};
		9370DB331D5C8573004B0934 /* TecheryTwitter */ = {
			isa = PBXGroup;
			children = (
				937803231D74641B00FE4BA6 /* Services */,
				93308FEA1D632FFD00E5437B /* Helpers */,
				93308FCD1D5FC33B00E5437B /* Models */,
				9370DB5C1D5CB6A7004B0934 /* ViewControllers */,
				9370DB371D5C8573004B0934 /* AppDelegate.h */,
				9370DB381D5C8573004B0934 /* AppDelegate.m */,
				93EDF9651D7627A300E59152 /* EmptyTestsAppDelegate.h */,
				93EDF9661D7627A300E59152 /* EmptyTestsAppDelegate.m */,
				9370DB3D1D5C8573004B0934 /* Main.storyboard */,
				9370DB431D5C8573004B0934 /* Assets.xcassets */,
				9370DB451D5C8573004B0934 /* LaunchScreen.storyboard */,
				9370DB481D5C8573004B0934 /* Info.plist */,
				9370DB401D5C8573004B0934 /* TecheryTwitter.xcdatamodeld */,
				93308FF41D6B5F3400E5437B /* Resources */,
				9370DB341D5C8573004B0934 /* Supporting Files */,
			);
			path = TecheryTwitter;
			sourceTree = "<group>";
		};
		9370DB341D5C8573004B0934 /* Supporting Files */ = {
			isa = PBXGroup;
			children = (
				9370DB351D5C8573004B0934 /* main.m */,
			);
			name = "Supporting Files";
			sourceTree = "<group>";
		};
		9370DB501D5C8573004B0934 /* TecheryTwitterTests */ = {
			isa = PBXGroup;
			children = (
				93EDF96B1D7872C600E59152 /* Mocks */,
				93EDF94F1D748CC400E59152 /* NSDateTwitterTest.m */,
				93EDF9631D76207300E59152 /* RawTweetDataModelTest.m */,
				93EDF9691D76DB0B00E59152 /* LoginViewModelTest.m */,
				93EDF9721D7894AF00E59152 /* FeedViewModelTest.m */,
				9370DB531D5C8573004B0934 /* Info.plist */,
			);
			path = TecheryTwitterTests;
			sourceTree = "<group>";
		};
		9370DB5C1D5CB6A7004B0934 /* ViewControllers */ = {
			isa = PBXGroup;
			children = (
				9370DB6F1D5CE376004B0934 /* Login */,
				9370DB701D5CE37E004B0934 /* Feed */,
			);
			path = ViewControllers;
			sourceTree = "<group>";
		};
		9370DB6F1D5CE376004B0934 /* Login */ = {
			isa = PBXGroup;
			children = (
				9370DB5D1D5CB6D3004B0934 /* LoginViewController.h */,
				9370DB5E1D5CB6D3004B0934 /* LoginViewController.m */,
				9370DB6C1D5CE36A004B0934 /* LoginViewModel.h */,
				9370DB6D1D5CE36A004B0934 /* LoginViewModel.m */,
				936DE8F41D5E674800C78652 /* LoginViewModelProtocol.h */,
				93308F4F1D5F685A00E5437B /* LoginViewModelDelegate.h */,
			);
			name = Login;
			sourceTree = "<group>";
		};
		9370DB701D5CE37E004B0934 /* Feed */ = {
			isa = PBXGroup;
			children = (
				9370DB601D5CBE58004B0934 /* FeedViewController.h */,
				9370DB611D5CBE58004B0934 /* FeedViewController.m */,
				93308F501D5FB95E00E5437B /* FeedViewModel.h */,
				93308F511D5FB95E00E5437B /* FeedViewModel.m */,
				93308FCB1D5FBF1900E5437B /* FeedViewModelProtocol.h */,
				937803221D73667000FE4BA6 /* FeedViewModelDelegate.h */,
				93308FCC1D5FC01D00E5437B /* TableViewCell */,
			);
			name = Feed;
			sourceTree = "<group>";
		};
		937803231D74641B00FE4BA6 /* Services */ = {
			isa = PBXGroup;
			children = (
				937803241D74643900FE4BA6 /* Reachability+ReachabilityProtocol.h */,
				937803271D74645C00FE4BA6 /* ReachabilityProtocol.h */,
				93EDF95D1D7615A000E59152 /* TwitterFeedService.h */,
				93EDF95E1D7615A000E59152 /* TwitterFeedService.m */,
				93EDF95F1D7615A000E59152 /* TwitterNetworkService.h */,
				93EDF9601D7615A000E59152 /* TwitterNetworkService.m */,
			);
			path = Services;
			sourceTree = "<group>";
		};
		93EDF96B1D7872C600E59152 /* Mocks */ = {
			isa = PBXGroup;
			children = (
				93EDF96F1D7872FA00E59152 /* TwitterNetworkServiceMock.h */,
				93EDF9701D7872FA00E59152 /* TwitterNetworkServiceMock.m */,
			);
			path = Mocks;
			sourceTree = "<group>";
		};
/* End PBXGroup section */

/* Begin PBXNativeTarget section */
		9370DB301D5C8573004B0934 /* TecheryTwitter */ = {
			isa = PBXNativeTarget;
			buildConfigurationList = 9370DB561D5C8573004B0934 /* Build configuration list for PBXNativeTarget "TecheryTwitter" */;
			buildPhases = (
				4F2356315CC11CB49708BC8D /* [CP] Check Pods Manifest.lock */,
				9370DB2D1D5C8573004B0934 /* Sources */,
				9370DB2E1D5C8573004B0934 /* Frameworks */,
				9370DB2F1D5C8573004B0934 /* Resources */,
				111F739B9BFA2E14731FB68D /* [CP] Embed Pods Frameworks */,
				01D1FDECBB3CB8C13100B95D /* [CP] Copy Pods Resources */,
				93308F8F1D5FBB0E00E5437B /* Embed Frameworks */,
			);
			buildRules = (
			);
			dependencies = (
				93308FC61D5FBC7500E5437B /* PBXTargetDependency */,
				93308FCA1D5FBC7500E5437B /* PBXTargetDependency */,
			);
			name = TecheryTwitter;
			productName = TecheryTwitter;
			productReference = 9370DB311D5C8573004B0934 /* TecheryTwitter.app */;
			productType = "com.apple.product-type.application";
		};
		9370DB4C1D5C8573004B0934 /* TecheryTwitterTests */ = {
			isa = PBXNativeTarget;
			buildConfigurationList = 9370DB591D5C8573004B0934 /* Build configuration list for PBXNativeTarget "TecheryTwitterTests" */;
			buildPhases = (
				E9D29DE27D254556126EEB5C /* [CP] Check Pods Manifest.lock */,
				9370DB491D5C8573004B0934 /* Sources */,
				9370DB4A1D5C8573004B0934 /* Frameworks */,
				9370DB4B1D5C8573004B0934 /* Resources */,
				26C9E4BC1BBF36F530AE409E /* [CP] Embed Pods Frameworks */,
				CB74F784B70C362FDFD0EB10 /* [CP] Copy Pods Resources */,
			);
			buildRules = (
			);
			dependencies = (
				9370DB4F1D5C8573004B0934 /* PBXTargetDependency */,
			);
			name = TecheryTwitterTests;
			productName = TecheryTwitterTests;
			productReference = 9370DB4D1D5C8573004B0934 /* TecheryTwitterTests.xctest */;
			productType = "com.apple.product-type.bundle.unit-test";
		};
/* End PBXNativeTarget section */

/* Begin PBXProject section */
		9370DB291D5C8573004B0934 /* Project object */ = {
			isa = PBXProject;
			attributes = {
				LastUpgradeCheck = 0730;
				ORGANIZATIONNAME = None;
				TargetAttributes = {
					9370DB301D5C8573004B0934 = {
						CreatedOnToolsVersion = 7.3.1;
					};
					9370DB4C1D5C8573004B0934 = {
						CreatedOnToolsVersion = 7.3.1;
						TestTargetID = 9370DB301D5C8573004B0934;
					};
				};
			};
			buildConfigurationList = 9370DB2C1D5C8573004B0934 /* Build configuration list for PBXProject "TecheryTwitter" */;
			compatibilityVersion = "Xcode 3.2";
			developmentRegion = English;
			hasScannedForEncodings = 0;
			knownRegions = (
				en,
				Base,
			);
			mainGroup = 9370DB281D5C8573004B0934;
			productRefGroup = 9370DB321D5C8573004B0934 /* Products */;
			projectDirPath = "";
			projectReferences = (
				{
					ProductGroup = 93308F911D5FBC5500E5437B /* Products */;
					ProjectRef = 93308F901D5FBC5500E5437B /* ReactiveCocoa.xcodeproj */;
				},
				{
					ProductGroup = 93308FA91D5FBC6C00E5437B /* Products */;
					ProjectRef = 93308FA81D5FBC6C00E5437B /* Result.xcodeproj */;
				},
			);
			projectRoot = "";
			targets = (
				9370DB301D5C8573004B0934 /* TecheryTwitter */,
				9370DB4C1D5C8573004B0934 /* TecheryTwitterTests */,
			);
		};
/* End PBXProject section */

/* Begin PBXReferenceProxy section */
		93308F9B1D5FBC5500E5437B /* ReactiveCocoa.framework */ = {
			isa = PBXReferenceProxy;
			fileType = wrapper.framework;
			path = ReactiveCocoa.framework;
			remoteRef = 93308F9A1D5FBC5500E5437B /* PBXContainerItemProxy */;
			sourceTree = BUILT_PRODUCTS_DIR;
		};
		93308F9D1D5FBC5500E5437B /* ReactiveCocoaTests.xctest */ = {
			isa = PBXReferenceProxy;
			fileType = wrapper.cfbundle;
			path = ReactiveCocoaTests.xctest;
			remoteRef = 93308F9C1D5FBC5500E5437B /* PBXContainerItemProxy */;
			sourceTree = BUILT_PRODUCTS_DIR;
		};
		93308F9F1D5FBC5500E5437B /* ReactiveCocoa.framework */ = {
			isa = PBXReferenceProxy;
			fileType = wrapper.framework;
			path = ReactiveCocoa.framework;
			remoteRef = 93308F9E1D5FBC5500E5437B /* PBXContainerItemProxy */;
			sourceTree = BUILT_PRODUCTS_DIR;
		};
		93308FA11D5FBC5500E5437B /* ReactiveCocoaTests.xctest */ = {
			isa = PBXReferenceProxy;
			fileType = wrapper.cfbundle;
			path = ReactiveCocoaTests.xctest;
			remoteRef = 93308FA01D5FBC5500E5437B /* PBXContainerItemProxy */;
			sourceTree = BUILT_PRODUCTS_DIR;
		};
		93308FA31D5FBC5500E5437B /* ReactiveCocoa.framework */ = {
			isa = PBXReferenceProxy;
			fileType = wrapper.framework;
			path = ReactiveCocoa.framework;
			remoteRef = 93308FA21D5FBC5500E5437B /* PBXContainerItemProxy */;
			sourceTree = BUILT_PRODUCTS_DIR;
		};
		93308FA51D5FBC5500E5437B /* ReactiveCocoa.framework */ = {
			isa = PBXReferenceProxy;
			fileType = wrapper.framework;
			path = ReactiveCocoa.framework;
			remoteRef = 93308FA41D5FBC5500E5437B /* PBXContainerItemProxy */;
			sourceTree = BUILT_PRODUCTS_DIR;
		};
		93308FB41D5FBC6C00E5437B /* Result.framework */ = {
			isa = PBXReferenceProxy;
			fileType = wrapper.framework;
			path = Result.framework;
			remoteRef = 93308FB31D5FBC6C00E5437B /* PBXContainerItemProxy */;
			sourceTree = BUILT_PRODUCTS_DIR;
		};
		93308FB61D5FBC6C00E5437B /* Result-MacTests.xctest */ = {
			isa = PBXReferenceProxy;
			fileType = wrapper.cfbundle;
			path = "Result-MacTests.xctest";
			remoteRef = 93308FB51D5FBC6C00E5437B /* PBXContainerItemProxy */;
			sourceTree = BUILT_PRODUCTS_DIR;
		};
		93308FB81D5FBC6C00E5437B /* Result.framework */ = {
			isa = PBXReferenceProxy;
			fileType = wrapper.framework;
			path = Result.framework;
			remoteRef = 93308FB71D5FBC6C00E5437B /* PBXContainerItemProxy */;
			sourceTree = BUILT_PRODUCTS_DIR;
		};
		93308FBA1D5FBC6C00E5437B /* Result-iOSTests.xctest */ = {
			isa = PBXReferenceProxy;
			fileType = wrapper.cfbundle;
			path = "Result-iOSTests.xctest";
			remoteRef = 93308FB91D5FBC6C00E5437B /* PBXContainerItemProxy */;
			sourceTree = BUILT_PRODUCTS_DIR;
		};
		93308FBC1D5FBC6C00E5437B /* Result.framework */ = {
			isa = PBXReferenceProxy;
			fileType = wrapper.framework;
			path = Result.framework;
			remoteRef = 93308FBB1D5FBC6C00E5437B /* PBXContainerItemProxy */;
			sourceTree = BUILT_PRODUCTS_DIR;
		};
		93308FBE1D5FBC6C00E5437B /* Result-tvOSTests.xctest */ = {
			isa = PBXReferenceProxy;
			fileType = wrapper.cfbundle;
			path = "Result-tvOSTests.xctest";
			remoteRef = 93308FBD1D5FBC6C00E5437B /* PBXContainerItemProxy */;
			sourceTree = BUILT_PRODUCTS_DIR;
		};
		93308FC01D5FBC6C00E5437B /* Result.framework */ = {
			isa = PBXReferenceProxy;
			fileType = wrapper.framework;
			path = Result.framework;
			remoteRef = 93308FBF1D5FBC6C00E5437B /* PBXContainerItemProxy */;
			sourceTree = BUILT_PRODUCTS_DIR;
		};
		93308FC21D5FBC6C00E5437B /* Result-watchOSTests.xctest */ = {
			isa = PBXReferenceProxy;
			fileType = wrapper.cfbundle;
			path = "Result-watchOSTests.xctest";
			remoteRef = 93308FC11D5FBC6C00E5437B /* PBXContainerItemProxy */;
			sourceTree = BUILT_PRODUCTS_DIR;
		};
/* End PBXReferenceProxy section */

/* Begin PBXResourcesBuildPhase section */
		9370DB2F1D5C8573004B0934 /* Resources */ = {
			isa = PBXResourcesBuildPhase;
			buildActionMask = 2147483647;
			files = (
				9370DB471D5C8573004B0934 /* LaunchScreen.storyboard in Resources */,
				9370DB441D5C8573004B0934 /* Assets.xcassets in Resources */,
				9370DB3F1D5C8573004B0934 /* Main.storyboard in Resources */,
			);
			runOnlyForDeploymentPostprocessing = 0;
		};
		9370DB4B1D5C8573004B0934 /* Resources */ = {
			isa = PBXResourcesBuildPhase;
			buildActionMask = 2147483647;
			files = (
			);
			runOnlyForDeploymentPostprocessing = 0;
		};
/* End PBXResourcesBuildPhase section */

/* Begin PBXShellScriptBuildPhase section */
		01D1FDECBB3CB8C13100B95D /* [CP] Copy Pods Resources */ = {
			isa = PBXShellScriptBuildPhase;
			buildActionMask = 2147483647;
			files = (
			);
			inputPaths = (
			);
			name = "[CP] Copy Pods Resources";
			outputPaths = (
			);
			runOnlyForDeploymentPostprocessing = 0;
			shellPath = /bin/sh;
			shellScript = "\"${SRCROOT}/Pods/Target Support Files/Pods-TecheryTwitter/Pods-TecheryTwitter-resources.sh\"\n";
			showEnvVarsInLog = 0;
		};
		111F739B9BFA2E14731FB68D /* [CP] Embed Pods Frameworks */ = {
			isa = PBXShellScriptBuildPhase;
			buildActionMask = 2147483647;
			files = (
			);
			inputPaths = (
			);
			name = "[CP] Embed Pods Frameworks";
			outputPaths = (
			);
			runOnlyForDeploymentPostprocessing = 0;
			shellPath = /bin/sh;
			shellScript = "\"${SRCROOT}/Pods/Target Support Files/Pods-TecheryTwitter/Pods-TecheryTwitter-frameworks.sh\"\n";
			showEnvVarsInLog = 0;
		};
		26C9E4BC1BBF36F530AE409E /* [CP] Embed Pods Frameworks */ = {
			isa = PBXShellScriptBuildPhase;
			buildActionMask = 2147483647;
			files = (
			);
			inputPaths = (
			);
			name = "[CP] Embed Pods Frameworks";
			outputPaths = (
			);
			runOnlyForDeploymentPostprocessing = 0;
			shellPath = /bin/sh;
			shellScript = "\"${SRCROOT}/Pods/Target Support Files/Pods-TecheryTwitterTests/Pods-TecheryTwitterTests-frameworks.sh\"\n";
			showEnvVarsInLog = 0;
		};
		4F2356315CC11CB49708BC8D /* [CP] Check Pods Manifest.lock */ = {
			isa = PBXShellScriptBuildPhase;
			buildActionMask = 2147483647;
			files = (
			);
			inputPaths = (
			);
			name = "[CP] Check Pods Manifest.lock";
			outputPaths = (
			);
			runOnlyForDeploymentPostprocessing = 0;
			shellPath = /bin/sh;
			shellScript = "diff \"${PODS_ROOT}/../Podfile.lock\" \"${PODS_ROOT}/Manifest.lock\" > /dev/null\nif [[ $? != 0 ]] ; then\n    cat << EOM\nerror: The sandbox is not in sync with the Podfile.lock. Run 'pod install' or update your CocoaPods installation.\nEOM\n    exit 1\nfi\n";
			showEnvVarsInLog = 0;
		};
		CB74F784B70C362FDFD0EB10 /* [CP] Copy Pods Resources */ = {
			isa = PBXShellScriptBuildPhase;
			buildActionMask = 2147483647;
			files = (
			);
			inputPaths = (
			);
			name = "[CP] Copy Pods Resources";
			outputPaths = (
			);
			runOnlyForDeploymentPostprocessing = 0;
			shellPath = /bin/sh;
			shellScript = "\"${SRCROOT}/Pods/Target Support Files/Pods-TecheryTwitterTests/Pods-TecheryTwitterTests-resources.sh\"\n";
			showEnvVarsInLog = 0;
		};
		E9D29DE27D254556126EEB5C /* [CP] Check Pods Manifest.lock */ = {
			isa = PBXShellScriptBuildPhase;
			buildActionMask = 2147483647;
			files = (
			);
			inputPaths = (
			);
			name = "[CP] Check Pods Manifest.lock";
			outputPaths = (
			);
			runOnlyForDeploymentPostprocessing = 0;
			shellPath = /bin/sh;
			shellScript = "diff \"${PODS_ROOT}/../Podfile.lock\" \"${PODS_ROOT}/Manifest.lock\" > /dev/null\nif [[ $? != 0 ]] ; then\n    cat << EOM\nerror: The sandbox is not in sync with the Podfile.lock. Run 'pod install' or update your CocoaPods installation.\nEOM\n    exit 1\nfi\n";
			showEnvVarsInLog = 0;
		};
/* End PBXShellScriptBuildPhase section */

/* Begin PBXSourcesBuildPhase section */
		9370DB2D1D5C8573004B0934 /* Sources */ = {
			isa = PBXSourcesBuildPhase;
			buildActionMask = 2147483647;
			files = (
				93308FE61D62066B00E5437B /* TwitterTweet.m in Sources */,
				93308FED1D63302300E5437B /* NSDate+Twitter.m in Sources */,
				9370DB391D5C8573004B0934 /* AppDelegate.m in Sources */,
				9370DB651D5CC1D3004B0934 /* FeedTableViewCell.m in Sources */,
				93308FE31D62066B00E5437B /* TwitterUser+CoreDataProperties.m in Sources */,
				93308F521D5FB95E00E5437B /* FeedViewModel.m in Sources */,
				9370DB621D5CBE58004B0934 /* FeedViewController.m in Sources */,
				93EDF9611D7615A000E59152 /* TwitterFeedService.m in Sources */,
				93EDF9671D7627A300E59152 /* EmptyTestsAppDelegate.m in Sources */,
				9370DB421D5C8573004B0934 /* TecheryTwitter.xcdatamodeld in Sources */,
				93308FE91D632A6E00E5437B /* RawTweetDataModel.m in Sources */,
				93308FE41D62066B00E5437B /* TwitterUser.m in Sources */,
				9370DB6E1D5CE36A004B0934 /* LoginViewModel.m in Sources */,
				9370DB361D5C8573004B0934 /* main.m in Sources */,
				9370DB5F1D5CB6D3004B0934 /* LoginViewController.m in Sources */,
				93308FF11D6A060900E5437B /* Reachability.m in Sources */,
				93308FE51D62066B00E5437B /* TwitterTweet+CoreDataProperties.m in Sources */,
				93EDF9621D7615A000E59152 /* TwitterNetworkService.m in Sources */,
			);
			runOnlyForDeploymentPostprocessing = 0;
		};
		9370DB491D5C8573004B0934 /* Sources */ = {
			isa = PBXSourcesBuildPhase;
			buildActionMask = 2147483647;
			files = (
				93EDF9641D76207300E59152 /* RawTweetDataModelTest.m in Sources */,
				93EDF96A1D76DB0B00E59152 /* LoginViewModelTest.m in Sources */,
				93EDF9711D7872FA00E59152 /* TwitterNetworkServiceMock.m in Sources */,
				93EDF9501D748CC400E59152 /* NSDateTwitterTest.m in Sources */,
				93EDF9731D7894AF00E59152 /* FeedViewModelTest.m in Sources */,
			);
			runOnlyForDeploymentPostprocessing = 0;
		};
/* End PBXSourcesBuildPhase section */

/* Begin PBXTargetDependency section */
		93308FC61D5FBC7500E5437B /* PBXTargetDependency */ = {
			isa = PBXTargetDependency;
			name = "ReactiveCocoa-iOS";
			targetProxy = 93308FC51D5FBC7500E5437B /* PBXContainerItemProxy */;
		};
		93308FCA1D5FBC7500E5437B /* PBXTargetDependency */ = {
			isa = PBXTargetDependency;
			name = "Result-iOS";
			targetProxy = 93308FC91D5FBC7500E5437B /* PBXContainerItemProxy */;
		};
		9370DB4F1D5C8573004B0934 /* PBXTargetDependency */ = {
			isa = PBXTargetDependency;
			target = 9370DB301D5C8573004B0934 /* TecheryTwitter */;
			targetProxy = 9370DB4E1D5C8573004B0934 /* PBXContainerItemProxy */;
		};
/* End PBXTargetDependency section */

/* Begin PBXVariantGroup section */
		9370DB3D1D5C8573004B0934 /* Main.storyboard */ = {
			isa = PBXVariantGroup;
			children = (
				9370DB3E1D5C8573004B0934 /* Base */,
			);
			name = Main.storyboard;
			sourceTree = "<group>";
		};
		9370DB451D5C8573004B0934 /* LaunchScreen.storyboard */ = {
			isa = PBXVariantGroup;
			children = (
				9370DB461D5C8573004B0934 /* Base */,
			);
			name = LaunchScreen.storyboard;
			sourceTree = "<group>";
		};
/* End PBXVariantGroup section */

/* Begin XCBuildConfiguration section */
		9370DB541D5C8573004B0934 /* Debug */ = {
			isa = XCBuildConfiguration;
			buildSettings = {
				ALWAYS_SEARCH_USER_PATHS = NO;
				CLANG_ANALYZER_NONNULL = YES;
				CLANG_CXX_LANGUAGE_STANDARD = "gnu++0x";
				CLANG_CXX_LIBRARY = "libc++";
				CLANG_ENABLE_MODULES = YES;
				CLANG_ENABLE_OBJC_ARC = YES;
				CLANG_WARN_BOOL_CONVERSION = YES;
				CLANG_WARN_CONSTANT_CONVERSION = YES;
				CLANG_WARN_DIRECT_OBJC_ISA_USAGE = YES_ERROR;
				CLANG_WARN_EMPTY_BODY = YES;
				CLANG_WARN_ENUM_CONVERSION = YES;
				CLANG_WARN_INT_CONVERSION = YES;
				CLANG_WARN_OBJC_ROOT_CLASS = YES_ERROR;
				CLANG_WARN_UNREACHABLE_CODE = YES;
				CLANG_WARN__DUPLICATE_METHOD_MATCH = YES;
				"CODE_SIGN_IDENTITY[sdk=iphoneos*]" = "iPhone Developer";
				COPY_PHASE_STRIP = NO;
				DEBUG_INFORMATION_FORMAT = dwarf;
				ENABLE_STRICT_OBJC_MSGSEND = YES;
				ENABLE_TESTABILITY = YES;
				GCC_C_LANGUAGE_STANDARD = gnu99;
				GCC_DYNAMIC_NO_PIC = NO;
				GCC_NO_COMMON_BLOCKS = YES;
				GCC_OPTIMIZATION_LEVEL = 0;
				GCC_PREPROCESSOR_DEFINITIONS = (
					"DEBUG=1",
					"$(inherited)",
				);
				GCC_WARN_64_TO_32_BIT_CONVERSION = YES;
				GCC_WARN_ABOUT_RETURN_TYPE = YES_ERROR;
				GCC_WARN_UNDECLARED_SELECTOR = YES;
				GCC_WARN_UNINITIALIZED_AUTOS = YES_AGGRESSIVE;
				GCC_WARN_UNUSED_FUNCTION = YES;
				GCC_WARN_UNUSED_VARIABLE = YES;
				IPHONEOS_DEPLOYMENT_TARGET = 8.0;
				MTL_ENABLE_DEBUG_INFO = YES;
				ONLY_ACTIVE_ARCH = YES;
				SDKROOT = iphoneos;
				TARGETED_DEVICE_FAMILY = "1,2";
			};
			name = Debug;
		};
		9370DB551D5C8573004B0934 /* Release */ = {
			isa = XCBuildConfiguration;
			buildSettings = {
				ALWAYS_SEARCH_USER_PATHS = NO;
				CLANG_ANALYZER_NONNULL = YES;
				CLANG_CXX_LANGUAGE_STANDARD = "gnu++0x";
				CLANG_CXX_LIBRARY = "libc++";
				CLANG_ENABLE_MODULES = YES;
				CLANG_ENABLE_OBJC_ARC = YES;
				CLANG_WARN_BOOL_CONVERSION = YES;
				CLANG_WARN_CONSTANT_CONVERSION = YES;
				CLANG_WARN_DIRECT_OBJC_ISA_USAGE = YES_ERROR;
				CLANG_WARN_EMPTY_BODY = YES;
				CLANG_WARN_ENUM_CONVERSION = YES;
				CLANG_WARN_INT_CONVERSION = YES;
				CLANG_WARN_OBJC_ROOT_CLASS = YES_ERROR;
				CLANG_WARN_UNREACHABLE_CODE = YES;
				CLANG_WARN__DUPLICATE_METHOD_MATCH = YES;
				"CODE_SIGN_IDENTITY[sdk=iphoneos*]" = "iPhone Developer";
				COPY_PHASE_STRIP = NO;
				DEBUG_INFORMATION_FORMAT = "dwarf-with-dsym";
				ENABLE_NS_ASSERTIONS = NO;
				ENABLE_STRICT_OBJC_MSGSEND = YES;
				GCC_C_LANGUAGE_STANDARD = gnu99;
				GCC_NO_COMMON_BLOCKS = YES;
				GCC_WARN_64_TO_32_BIT_CONVERSION = YES;
				GCC_WARN_ABOUT_RETURN_TYPE = YES_ERROR;
				GCC_WARN_UNDECLARED_SELECTOR = YES;
				GCC_WARN_UNINITIALIZED_AUTOS = YES_AGGRESSIVE;
				GCC_WARN_UNUSED_FUNCTION = YES;
				GCC_WARN_UNUSED_VARIABLE = YES;
				IPHONEOS_DEPLOYMENT_TARGET = 8.0;
				MTL_ENABLE_DEBUG_INFO = NO;
				SDKROOT = iphoneos;
				TARGETED_DEVICE_FAMILY = "1,2";
				VALIDATE_PRODUCT = YES;
			};
			name = Release;
		};
		9370DB571D5C8573004B0934 /* Debug */ = {
			isa = XCBuildConfiguration;
			baseConfigurationReference = 14416BADDF041017C08F0DA3 /* Pods-TecheryTwitter.debug.xcconfig */;
			buildSettings = {
				ASSETCATALOG_COMPILER_APPICON_NAME = AppIcon;
				EMBEDDED_CONTENT_CONTAINS_SWIFT = YES;
				ENABLE_TESTABILITY = YES;
				INFOPLIST_FILE = TecheryTwitter/Info.plist;
				IPHONEOS_DEPLOYMENT_TARGET = 8.0;
				LD_RUNPATH_SEARCH_PATHS = "$(inherited) @executable_path/Frameworks";
				OTHER_LDFLAGS = (
					"$(inherited)",
					"-ObjC",
					"-l\"MagicalRecord\"",
					"-framework",
					"\"CoreData\"",
				);
				PRODUCT_BUNDLE_IDENTIFIER = "com.none.-.TecheryTwitter";
				PRODUCT_NAME = "$(TARGET_NAME)";
				TARGETED_DEVICE_FAMILY = "1,2";
			};
			name = Debug;
		};
		9370DB581D5C8573004B0934 /* Release */ = {
			isa = XCBuildConfiguration;
			baseConfigurationReference = CC8F7719C52CA0860FC52117 /* Pods-TecheryTwitter.release.xcconfig */;
			buildSettings = {
				ASSETCATALOG_COMPILER_APPICON_NAME = AppIcon;
				EMBEDDED_CONTENT_CONTAINS_SWIFT = YES;
				ENABLE_TESTABILITY = NO;
				INFOPLIST_FILE = TecheryTwitter/Info.plist;
				IPHONEOS_DEPLOYMENT_TARGET = 8.0;
				LD_RUNPATH_SEARCH_PATHS = "$(inherited) @executable_path/Frameworks";
				OTHER_LDFLAGS = (
					"$(inherited)",
					"-ObjC",
					"-l\"MagicalRecord\"",
					"-framework",
					"\"CoreData\"",
				);
				PRODUCT_BUNDLE_IDENTIFIER = "com.none.-.TecheryTwitter";
				PRODUCT_NAME = "$(TARGET_NAME)";
				TARGETED_DEVICE_FAMILY = "1,2";
			};
			name = Release;
		};
		9370DB5A1D5C8573004B0934 /* Debug */ = {
			isa = XCBuildConfiguration;
			baseConfigurationReference = 8CCAC80AE52E9FCF453455DB /* Pods-TecheryTwitterTests.debug.xcconfig */;
			buildSettings = {
				BUNDLE_LOADER = "$(TEST_HOST)";
				ENABLE_BITCODE = NO;
				INFOPLIST_FILE = TecheryTwitterTests/Info.plist;
				LD_RUNPATH_SEARCH_PATHS = "$(inherited) @executable_path/Frameworks @loader_path/Frameworks";
				OTHER_LDFLAGS = "$(inherited)";
				PRODUCT_BUNDLE_IDENTIFIER = "com.none.-.TecheryTwitterTests";
				PRODUCT_NAME = "$(TARGET_NAME)";
				TEST_HOST = "$(BUILT_PRODUCTS_DIR)/TecheryTwitter.app/TecheryTwitter";
			};
			name = Debug;
		};
		9370DB5B1D5C8573004B0934 /* Release */ = {
			isa = XCBuildConfiguration;
			baseConfigurationReference = 003BD516055A184DAEAD1BA3 /* Pods-TecheryTwitterTests.release.xcconfig */;
			buildSettings = {
				BUNDLE_LOADER = "$(TEST_HOST)";
				ENABLE_BITCODE = NO;
				INFOPLIST_FILE = TecheryTwitterTests/Info.plist;
				LD_RUNPATH_SEARCH_PATHS = "$(inherited) @executable_path/Frameworks @loader_path/Frameworks";
				OTHER_LDFLAGS = "$(inherited)";
				PRODUCT_BUNDLE_IDENTIFIER = "com.none.-.TecheryTwitterTests";
				PRODUCT_NAME = "$(TARGET_NAME)";
				TEST_HOST = "$(BUILT_PRODUCTS_DIR)/TecheryTwitter.app/TecheryTwitter";
			};
			name = Release;
		};
/* End XCBuildConfiguration section */

/* Begin XCConfigurationList section */
		9370DB2C1D5C8573004B0934 /* Build configuration list for PBXProject "TecheryTwitter" */ = {
			isa = XCConfigurationList;
			buildConfigurations = (
				9370DB541D5C8573004B0934 /* Debug */,
				9370DB551D5C8573004B0934 /* Release */,
			);
			defaultConfigurationIsVisible = 0;
			defaultConfigurationName = Release;
		};
		9370DB561D5C8573004B0934 /* Build configuration list for PBXNativeTarget "TecheryTwitter" */ = {
			isa = XCConfigurationList;
			buildConfigurations = (
				9370DB571D5C8573004B0934 /* Debug */,
				9370DB581D5C8573004B0934 /* Release */,
			);
			defaultConfigurationIsVisible = 0;
			defaultConfigurationName = Release;
		};
		9370DB591D5C8573004B0934 /* Build configuration list for PBXNativeTarget "TecheryTwitterTests" */ = {
			isa = XCConfigurationList;
			buildConfigurations = (
				9370DB5A1D5C8573004B0934 /* Debug */,
				9370DB5B1D5C8573004B0934 /* Release */,
			);
			defaultConfigurationIsVisible = 0;
			defaultConfigurationName = Release;
		};
/* End XCConfigurationList section */

/* Begin XCVersionGroup section */
		9370DB401D5C8573004B0934 /* TecheryTwitter.xcdatamodeld */ = {
			isa = XCVersionGroup;
			children = (
				9370DB411D5C8573004B0934 /* TecheryTwitter.xcdatamodel */,
			);
			currentVersion = 9370DB411D5C8573004B0934 /* TecheryTwitter.xcdatamodel */;
			path = TecheryTwitter.xcdatamodeld;
			sourceTree = "<group>";
			versionGroupType = wrapper.xcdatamodel;
		};
/* End XCVersionGroup section */
	};
	rootObject = 9370DB291D5C8573004B0934 /* Project object */;
}
